// !$*UTF8*$!
{
	archiveVersion = 1;
	classes = {
	};
	objectVersion = 77;
	objects = {

/* Begin PBXBuildFile section */
		33F508592EE4717900566070 /* SwiftMail in Frameworks */ = {isa = PBXBuildFile; productRef = 33F508582EE4717900566070 /* SwiftMail */; };
/* End PBXBuildFile section */

/* Begin PBXContainerItemProxy section */
		33F507A02EE3D49400566070 /* PBXContainerItemProxy */ = {
			isa = PBXContainerItemProxy;
			containerPortal = 33F507872EE3D49300566070 /* Project object */;
			proxyType = 1;
			remoteGlobalIDString = 33F5078E2EE3D49300566070;
			remoteInfo = "X-Manage";
		};
		33F507AA2EE3D49400566070 /* PBXContainerItemProxy */ = {
			isa = PBXContainerItemProxy;
			containerPortal = 33F507872EE3D49300566070 /* Project object */;
			proxyType = 1;
			remoteGlobalIDString = 33F5078E2EE3D49300566070;
			remoteInfo = "X-Manage";
		};
/* End PBXContainerItemProxy section */

/* Begin PBXFileReference section */
		33F5078F2EE3D49300566070 /* X-Manage.app */ = {isa = PBXFileReference; explicitFileType = wrapper.application; includeInIndex = 0; path = "X-Manage.app"; sourceTree = BUILT_PRODUCTS_DIR; };
		33F5079F2EE3D49400566070 /* X-ManageTests.xctest */ = {isa = PBXFileReference; explicitFileType = wrapper.cfbundle; includeInIndex = 0; path = "X-ManageTests.xctest"; sourceTree = BUILT_PRODUCTS_DIR; };
		33F507A92EE3D49400566070 /* X-ManageUITests.xctest */ = {isa = PBXFileReference; explicitFileType = wrapper.cfbundle; includeInIndex = 0; path = "X-ManageUITests.xctest"; sourceTree = BUILT_PRODUCTS_DIR; };
/* End PBXFileReference section */

/* Begin PBXFileSystemSynchronizedRootGroup section */
		33F507912EE3D49300566070 /* X-Manage */ = {
			isa = PBXFileSystemSynchronizedRootGroup;
			path = "X-Manage";
			sourceTree = "<group>";
		};
		33F507A22EE3D49400566070 /* X-ManageTests */ = {
			isa = PBXFileSystemSynchronizedRootGroup;
			path = "X-ManageTests";
			sourceTree = "<group>";
		};
		33F507AC2EE3D49400566070 /* X-ManageUITests */ = {
			isa = PBXFileSystemSynchronizedRootGroup;
			path = "X-ManageUITests";
			sourceTree = "<group>";
		};
/* End PBXFileSystemSynchronizedRootGroup section */

/* Begin PBXFrameworksBuildPhase section */
		33F5078C2EE3D49300566070 /* Frameworks */ = {
			isa = PBXFrameworksBuildPhase;
			buildActionMask = 2147483647;
			files = (
				33F508592EE4717900566070 /* SwiftMail in Frameworks */,
			);
			runOnlyForDeploymentPostprocessing = 0;
		};
		33F5079C2EE3D49400566070 /* Frameworks */ = {
			isa = PBXFrameworksBuildPhase;
			buildActionMask = 2147483647;
			files = (
			);
			runOnlyForDeploymentPostprocessing = 0;
		};
		33F507A62EE3D49400566070 /* Frameworks */ = {
			isa = PBXFrameworksBuildPhase;
			buildActionMask = 2147483647;
			files = (
			);
			runOnlyForDeploymentPostprocessing = 0;
		};
/* End PBXFrameworksBuildPhase section */

/* Begin PBXGroup section */
		33F507862EE3D49300566070 = {
			isa = PBXGroup;
			children = (
				33F507912EE3D49300566070 /* X-Manage */,
				33F507A22EE3D49400566070 /* X-ManageTests */,
				33F507AC2EE3D49400566070 /* X-ManageUITests */,
				33F508572EE4717900566070 /* Frameworks */,
				33F507902EE3D49300566070 /* Products */,
			);
			sourceTree = "<group>";
		};
		33F507902EE3D49300566070 /* Products */ = {
			isa = PBXGroup;
			children = (
				33F5078F2EE3D49300566070 /* X-Manage.app */,
				33F5079F2EE3D49400566070 /* X-ManageTests.xctest */,
				33F507A92EE3D49400566070 /* X-ManageUITests.xctest */,
			);
			name = Products;
			sourceTree = "<group>";
		};
		33F508572EE4717900566070 /* Frameworks */ = {
			isa = PBXGroup;
			children = (
			);
			name = Frameworks;
			sourceTree = "<group>";
		};
/* End PBXGroup section */

/* Begin PBXNativeTarget section */
		33F5078E2EE3D49300566070 /* X-Manage */ = {
			isa = PBXNativeTarget;
			buildConfigurationList = 33F507B32EE3D49400566070 /* Build configuration list for PBXNativeTarget "X-Manage" */;
			buildPhases = (
				33F5078B2EE3D49300566070 /* Sources */,
				33F5078C2EE3D49300566070 /* Frameworks */,
				33F5078D2EE3D49300566070 /* Resources */,
			);
			buildRules = (
			);
			dependencies = (
			);
			fileSystemSynchronizedGroups = (
				33F507912EE3D49300566070 /* X-Manage */,
			);
			name = "X-Manage";
			packageProductDependencies = (
				33F508582EE4717900566070 /* SwiftMail */,
			);
			productName = "X-Manage";
			productReference = 33F5078F2EE3D49300566070 /* X-Manage.app */;
			productType = "com.apple.product-type.application";
		};
		33F5079E2EE3D49400566070 /* X-ManageTests */ = {
			isa = PBXNativeTarget;
			buildConfigurationList = 33F507B62EE3D49400566070 /* Build configuration list for PBXNativeTarget "X-ManageTests" */;
			buildPhases = (
				33F5079B2EE3D49400566070 /* Sources */,
				33F5079C2EE3D49400566070 /* Frameworks */,
				33F5079D2EE3D49400566070 /* Resources */,
			);
			buildRules = (
			);
			dependencies = (
				33F507A12EE3D49400566070 /* PBXTargetDependency */,
			);
			fileSystemSynchronizedGroups = (
				33F507A22EE3D49400566070 /* X-ManageTests */,
			);
			name = "X-ManageTests";
			packageProductDependencies = (
			);
			productName = "X-ManageTests";
			productReference = 33F5079F2EE3D49400566070 /* X-ManageTests.xctest */;
			productType = "com.apple.product-type.bundle.unit-test";
		};
		33F507A82EE3D49400566070 /* X-ManageUITests */ = {
			isa = PBXNativeTarget;
			buildConfigurationList = 33F507B92EE3D49400566070 /* Build configuration list for PBXNativeTarget "X-ManageUITests" */;
			buildPhases = (
				33F507A52EE3D49400566070 /* Sources */,
				33F507A62EE3D49400566070 /* Frameworks */,
				33F507A72EE3D49400566070 /* Resources */,
			);
			buildRules = (
			);
			dependencies = (
				33F507AB2EE3D49400566070 /* PBXTargetDependency */,
			);
			fileSystemSynchronizedGroups = (
				33F507AC2EE3D49400566070 /* X-ManageUITests */,
			);
			name = "X-ManageUITests";
			packageProductDependencies = (
			);
			productName = "X-ManageUITests";
			productReference = 33F507A92EE3D49400566070 /* X-ManageUITests.xctest */;
			productType = "com.apple.product-type.bundle.ui-testing";
		};
/* End PBXNativeTarget section */

/* Begin PBXProject section */
		33F507872EE3D49300566070 /* Project object */ = {
			isa = PBXProject;
			attributes = {
				BuildIndependentTargetsInParallel = 1;
				LastSwiftUpdateCheck = 1640;
				LastUpgradeCheck = 1640;
				TargetAttributes = {
					33F5078E2EE3D49300566070 = {
						CreatedOnToolsVersion = 16.4;
					};
					33F5079E2EE3D49400566070 = {
						CreatedOnToolsVersion = 16.4;
						TestTargetID = 33F5078E2EE3D49300566070;
					};
					33F507A82EE3D49400566070 = {
						CreatedOnToolsVersion = 16.4;
						TestTargetID = 33F5078E2EE3D49300566070;
					};
				};
			};
			buildConfigurationList = 33F5078A2EE3D49300566070 /* Build configuration list for PBXProject "X-Manage" */;
			developmentRegion = "zh-HK";
			hasScannedForEncodings = 0;
			knownRegions = (
				Base,
				"zh-HK",
			);
			mainGroup = 33F507862EE3D49300566070;
			minimizedProjectReferenceProxies = 1;
			packageReferences = (
				33F508562EE46EF300566070 /* XCRemoteSwiftPackageReference "SwiftMail" */,
			);
			preferredProjectObjectVersion = 77;
			productRefGroup = 33F507902EE3D49300566070 /* Products */;
			projectDirPath = "";
			projectRoot = "";
			targets = (
				33F5078E2EE3D49300566070 /* X-Manage */,
				33F5079E2EE3D49400566070 /* X-ManageTests */,
				33F507A82EE3D49400566070 /* X-ManageUITests */,
			);
		};
/* End PBXProject section */

/* Begin PBXResourcesBuildPhase section */
		33F5078D2EE3D49300566070 /* Resources */ = {
			isa = PBXResourcesBuildPhase;
			buildActionMask = 2147483647;
			files = (
			);
			runOnlyForDeploymentPostprocessing = 0;
		};
		33F5079D2EE3D49400566070 /* Resources */ = {
			isa = PBXResourcesBuildPhase;
			buildActionMask = 2147483647;
			files = (
			);
			runOnlyForDeploymentPostprocessing = 0;
		};
		33F507A72EE3D49400566070 /* Resources */ = {
			isa = PBXResourcesBuildPhase;
			buildActionMask = 2147483647;
			files = (
			);
			runOnlyForDeploymentPostprocessing = 0;
		};
/* End PBXResourcesBuildPhase section */

/* Begin PBXSourcesBuildPhase section */
		33F5078B2EE3D49300566070 /* Sources */ = {
			isa = PBXSourcesBuildPhase;
			buildActionMask = 2147483647;
			files = (
			);
			runOnlyForDeploymentPostprocessing = 0;
		};
		33F5079B2EE3D49400566070 /* Sources */ = {
			isa = PBXSourcesBuildPhase;
			buildActionMask = 2147483647;
			files = (
			);
			runOnlyForDeploymentPostprocessing = 0;
		};
		33F507A52EE3D49400566070 /* Sources */ = {
			isa = PBXSourcesBuildPhase;
			buildActionMask = 2147483647;
			files = (
			);
			runOnlyForDeploymentPostprocessing = 0;
		};
/* End PBXSourcesBuildPhase section */

/* Begin PBXTargetDependency section */
		33F507A12EE3D49400566070 /* PBXTargetDependency */ = {
			isa = PBXTargetDependency;
			target = 33F5078E2EE3D49300566070 /* X-Manage */;
			targetProxy = 33F507A02EE3D49400566070 /* PBXContainerItemProxy */;
		};
		33F507AB2EE3D49400566070 /* PBXTargetDependency */ = {
			isa = PBXTargetDependency;
			target = 33F5078E2EE3D49300566070 /* X-Manage */;
			targetProxy = 33F507AA2EE3D49400566070 /* PBXContainerItemProxy */;
		};
/* End PBXTargetDependency section */

/* Begin XCBuildConfiguration section */
		33F507B12EE3D49400566070 /* Debug */ = {
			isa = XCBuildConfiguration;
			buildSettings = {
				ALWAYS_SEARCH_USER_PATHS = NO;
				ASSETCATALOG_COMPILER_GENERATE_SWIFT_ASSET_SYMBOL_EXTENSIONS = YES;
				CLANG_ANALYZER_NONNULL = YES;
				CLANG_ANALYZER_NUMBER_OBJECT_CONVERSION = YES_AGGRESSIVE;
				CLANG_CXX_LANGUAGE_STANDARD = "gnu++20";
				CLANG_ENABLE_MODULES = YES;
				CLANG_ENABLE_OBJC_ARC = YES;
				CLANG_ENABLE_OBJC_WEAK = YES;
				CLANG_WARN_BLOCK_CAPTURE_AUTORELEASING = YES;
				CLANG_WARN_BOOL_CONVERSION = YES;
				CLANG_WARN_COMMA = YES;
				CLANG_WARN_CONSTANT_CONVERSION = YES;
				CLANG_WARN_DEPRECATED_OBJC_IMPLEMENTATIONS = YES;
				CLANG_WARN_DIRECT_OBJC_ISA_USAGE = YES_ERROR;
				CLANG_WARN_DOCUMENTATION_COMMENTS = YES;
				CLANG_WARN_EMPTY_BODY = YES;
				CLANG_WARN_ENUM_CONVERSION = YES;
				CLANG_WARN_INFINITE_RECURSION = YES;
				CLANG_WARN_INT_CONVERSION = YES;
				CLANG_WARN_NON_LITERAL_NULL_CONVERSION = YES;
				CLANG_WARN_OBJC_IMPLICIT_RETAIN_SELF = YES;
				CLANG_WARN_OBJC_LITERAL_CONVERSION = YES;
				CLANG_WARN_OBJC_ROOT_CLASS = YES_ERROR;
				CLANG_WARN_QUOTED_INCLUDE_IN_FRAMEWORK_HEADER = YES;
				CLANG_WARN_RANGE_LOOP_ANALYSIS = YES;
				CLANG_WARN_STRICT_PROTOTYPES = YES;
				CLANG_WARN_SUSPICIOUS_MOVE = YES;
				CLANG_WARN_UNGUARDED_AVAILABILITY = YES_AGGRESSIVE;
				CLANG_WARN_UNREACHABLE_CODE = YES;
				CLANG_WARN__DUPLICATE_METHOD_MATCH = YES;
				COPY_PHASE_STRIP = NO;
				DEBUG_INFORMATION_FORMAT = dwarf;
				DEVELOPMENT_TEAM = GC84HHA6RT;
				ENABLE_STRICT_OBJC_MSGSEND = YES;
				ENABLE_TESTABILITY = YES;
				ENABLE_USER_SCRIPT_SANDBOXING = YES;
				GCC_C_LANGUAGE_STANDARD = gnu17;
				GCC_DYNAMIC_NO_PIC = NO;
				GCC_NO_COMMON_BLOCKS = YES;
				GCC_OPTIMIZATION_LEVEL = 0;
				GCC_PREPROCESSOR_DEFINITIONS = (
					"DEBUG=1",
					"$(inherited)",
				);
				GCC_WARN_64_TO_32_BIT_CONVERSION = YES;
				GCC_WARN_ABOUT_RETURN_TYPE = YES_ERROR;
				GCC_WARN_UNDECLARED_SELECTOR = YES;
				GCC_WARN_UNINITIALIZED_AUTOS = YES_AGGRESSIVE;
				GCC_WARN_UNUSED_FUNCTION = YES;
				GCC_WARN_UNUSED_VARIABLE = YES;
				LOCALIZATION_PREFERS_STRING_CATALOGS = YES;
				MACOSX_DEPLOYMENT_TARGET = 15.5;
				MTL_ENABLE_DEBUG_INFO = INCLUDE_SOURCE;
				MTL_FAST_MATH = YES;
				ONLY_ACTIVE_ARCH = YES;
				SDKROOT = macosx;
				SWIFT_ACTIVE_COMPILATION_CONDITIONS = "DEBUG $(inherited)";
				SWIFT_OPTIMIZATION_LEVEL = "-Onone";
			};
			name = Debug;
		};
		33F507B22EE3D49400566070 /* Release */ = {
			isa = XCBuildConfiguration;
			buildSettings = {
				ALWAYS_SEARCH_USER_PATHS = NO;
				ASSETCATALOG_COMPILER_GENERATE_SWIFT_ASSET_SYMBOL_EXTENSIONS = YES;
				CLANG_ANALYZER_NONNULL = YES;
				CLANG_ANALYZER_NUMBER_OBJECT_CONVERSION = YES_AGGRESSIVE;
				CLANG_CXX_LANGUAGE_STANDARD = "gnu++20";
				CLANG_ENABLE_MODULES = YES;
				CLANG_ENABLE_OBJC_ARC = YES;
				CLANG_ENABLE_OBJC_WEAK = YES;
				CLANG_WARN_BLOCK_CAPTURE_AUTORELEASING = YES;
				CLANG_WARN_BOOL_CONVERSION = YES;
				CLANG_WARN_COMMA = YES;
				CLANG_WARN_CONSTANT_CONVERSION = YES;
				CLANG_WARN_DEPRECATED_OBJC_IMPLEMENTATIONS = YES;
				CLANG_WARN_DIRECT_OBJC_ISA_USAGE = YES_ERROR;
				CLANG_WARN_DOCUMENTATION_COMMENTS = YES;
				CLANG_WARN_EMPTY_BODY = YES;
				CLANG_WARN_ENUM_CONVERSION = YES;
				CLANG_WARN_INFINITE_RECURSION = YES;
				CLANG_WARN_INT_CONVERSION = YES;
				CLANG_WARN_NON_LITERAL_NULL_CONVERSION = YES;
				CLANG_WARN_OBJC_IMPLICIT_RETAIN_SELF = YES;
				CLANG_WARN_OBJC_LITERAL_CONVERSION = YES;
				CLANG_WARN_OBJC_ROOT_CLASS = YES_ERROR;
				CLANG_WARN_QUOTED_INCLUDE_IN_FRAMEWORK_HEADER = YES;
				CLANG_WARN_RANGE_LOOP_ANALYSIS = YES;
				CLANG_WARN_STRICT_PROTOTYPES = YES;
				CLANG_WARN_SUSPICIOUS_MOVE = YES;
				CLANG_WARN_UNGUARDED_AVAILABILITY = YES_AGGRESSIVE;
				CLANG_WARN_UNREACHABLE_CODE = YES;
				CLANG_WARN__DUPLICATE_METHOD_MATCH = YES;
				COPY_PHASE_STRIP = NO;
				DEBUG_INFORMATION_FORMAT = "dwarf-with-dsym";
				DEVELOPMENT_TEAM = GC84HHA6RT;
				ENABLE_NS_ASSERTIONS = NO;
				ENABLE_STRICT_OBJC_MSGSEND = YES;
				ENABLE_USER_SCRIPT_SANDBOXING = YES;
				GCC_C_LANGUAGE_STANDARD = gnu17;
				GCC_NO_COMMON_BLOCKS = YES;
				GCC_WARN_64_TO_32_BIT_CONVERSION = YES;
				GCC_WARN_ABOUT_RETURN_TYPE = YES_ERROR;
				GCC_WARN_UNDECLARED_SELECTOR = YES;
				GCC_WARN_UNINITIALIZED_AUTOS = YES_AGGRESSIVE;
				GCC_WARN_UNUSED_FUNCTION = YES;
				GCC_WARN_UNUSED_VARIABLE = YES;
				LOCALIZATION_PREFERS_STRING_CATALOGS = YES;
				MACOSX_DEPLOYMENT_TARGET = 15.5;
				MTL_ENABLE_DEBUG_INFO = NO;
				MTL_FAST_MATH = YES;
				SDKROOT = macosx;
				SWIFT_COMPILATION_MODE = wholemodule;
			};
			name = Release;
		};
		33F507B42EE3D49400566070 /* Debug */ = {
			isa = XCBuildConfiguration;
			buildSettings = {
				ASSETCATALOG_COMPILER_APPICON_NAME = AppIcon;
				ASSETCATALOG_COMPILER_GLOBAL_ACCENT_COLOR_NAME = AccentColor;
				ASSETCATALOG_COMPILER_INCLUDE_ALL_APPICON_ASSETS = NO;
				CODE_SIGN_ENTITLEMENTS = "X-Manage/X_Manage.entitlements";
				"CODE_SIGN_IDENTITY[sdk=macosx*]" = "Apple Development";
				CODE_SIGN_STYLE = Automatic;
				COMBINE_HIDPI_IMAGES = YES;
				CURRENT_PROJECT_VERSION = 1;
				DEVELOPMENT_TEAM = GC84HHA6RT;
				ENABLE_HARDENED_RUNTIME = YES;
				ENABLE_PREVIEWS = YES;
				GENERATE_INFOPLIST_FILE = YES;
				INFOPLIST_FILE = "X-Manage/Info.plist";
				INFOPLIST_KEY_NSHumanReadableCopyright = "";
				LD_RUNPATH_SEARCH_PATHS = (
					"$(inherited)",
					"@executable_path/../Frameworks",
				);
				MACOSX_DEPLOYMENT_TARGET = 15.0;
				MARKETING_VERSION = 1.1;
				PRODUCT_BUNDLE_IDENTIFIER = "com.xyoushe.X-Manage";
				PRODUCT_NAME = "$(TARGET_NAME)";
				REGISTER_APP_GROUPS = YES;
				SWIFT_EMIT_LOC_STRINGS = YES;
				SWIFT_VERSION = 5.0;
			};
			name = Debug;
		};
		33F507B52EE3D49400566070 /* Release */ = {
			isa = XCBuildConfiguration;
			buildSettings = {
				ASSETCATALOG_COMPILER_APPICON_NAME = AppIcon;
				ASSETCATALOG_COMPILER_GLOBAL_ACCENT_COLOR_NAME = AccentColor;
				ASSETCATALOG_COMPILER_INCLUDE_ALL_APPICON_ASSETS = NO;
				CODE_SIGN_ENTITLEMENTS = "X-Manage/X_Manage.entitlements";
				"CODE_SIGN_IDENTITY[sdk=macosx*]" = "Apple Development";
				CODE_SIGN_STYLE = Automatic;
				COMBINE_HIDPI_IMAGES = YES;
				CURRENT_PROJECT_VERSION = 1;
				DEVELOPMENT_TEAM = GC84HHA6RT;
				ENABLE_HARDENED_RUNTIME = YES;
				ENABLE_PREVIEWS = YES;
				GENERATE_INFOPLIST_FILE = YES;
				INFOPLIST_FILE = "X-Manage/Info.plist";
				INFOPLIST_KEY_NSHumanReadableCopyright = "";
				LD_RUNPATH_SEARCH_PATHS = (
					"$(inherited)",
					"@executable_path/../Frameworks",
				);
				MACOSX_DEPLOYMENT_TARGET = 15.0;
				MARKETING_VERSION = 1.1;
				PRODUCT_BUNDLE_IDENTIFIER = "com.xyoushe.X-Manage";
				PRODUCT_NAME = "$(TARGET_NAME)";
				REGISTER_APP_GROUPS = YES;
				SWIFT_EMIT_LOC_STRINGS = YES;
				SWIFT_VERSION = 5.0;
			};
			name = Release;
		};
		33F507B72EE3D49400566070 /* Debug */ = {
			isa = XCBuildConfiguration;
			buildSettings = {
				BUNDLE_LOADER = "$(TEST_HOST)";
				CODE_SIGN_STYLE = Automatic;
				CURRENT_PROJECT_VERSION = 1;
				DEVELOPMENT_TEAM = GC84HHA6RT;
				GENERATE_INFOPLIST_FILE = YES;
				MACOSX_DEPLOYMENT_TARGET = 14.0;
				MARKETING_VERSION = 1.0;
				PRODUCT_BUNDLE_IDENTIFIER = "com.xyoushe.X-ManageTests";
				PRODUCT_NAME = "$(TARGET_NAME)";
				SWIFT_EMIT_LOC_STRINGS = NO;
				SWIFT_VERSION = 5.0;
				TEST_HOST = "$(BUILT_PRODUCTS_DIR)/X-Manage.app/$(BUNDLE_EXECUTABLE_FOLDER_PATH)/X-Manage";
			};
			name = Debug;
		};
		33F507B82EE3D49400566070 /* Release */ = {
			isa = XCBuildConfiguration;
			buildSettings = {
				BUNDLE_LOADER = "$(TEST_HOST)";
				CODE_SIGN_STYLE = Automatic;
				CURRENT_PROJECT_VERSION = 1;
				DEVELOPMENT_TEAM = GC84HHA6RT;
				GENERATE_INFOPLIST_FILE = YES;
				MACOSX_DEPLOYMENT_TARGET = 14.0;
				MARKETING_VERSION = 1.0;
				PRODUCT_BUNDLE_IDENTIFIER = "com.xyoushe.X-ManageTests";
				PRODUCT_NAME = "$(TARGET_NAME)";
				SWIFT_EMIT_LOC_STRINGS = NO;
				SWIFT_VERSION = 5.0;
				TEST_HOST = "$(BUILT_PRODUCTS_DIR)/X-Manage.app/$(BUNDLE_EXECUTABLE_FOLDER_PATH)/X-Manage";
			};
			name = Release;
		};
		33F507BA2EE3D49400566070 /* Debug */ = {
			isa = XCBuildConfiguration;
			buildSettings = {
				CODE_SIGN_STYLE = Automatic;
				CURRENT_PROJECT_VERSION = 1;
				DEVELOPMENT_TEAM = GC84HHA6RT;
				GENERATE_INFOPLIST_FILE = YES;
				MARKETING_VERSION = 1.0;
				PRODUCT_BUNDLE_IDENTIFIER = "com.xyoushe.X-ManageUITests";
				PRODUCT_NAME = "$(TARGET_NAME)";
				SWIFT_EMIT_LOC_STRINGS = NO;
				SWIFT_VERSION = 5.0;
				TEST_TARGET_NAME = "X-Manage";
			};
			name = Debug;
		};
		33F507BB2EE3D49400566070 /* Release */ = {
			isa = XCBuildConfiguration;
			buildSettings = {
				CODE_SIGN_STYLE = Automatic;
				CURRENT_PROJECT_VERSION = 1;
				DEVELOPMENT_TEAM = GC84HHA6RT;
				GENERATE_INFOPLIST_FILE = YES;
				MARKETING_VERSION = 1.0;
				PRODUCT_BUNDLE_IDENTIFIER = "com.xyoushe.X-ManageUITests";
				PRODUCT_NAME = "$(TARGET_NAME)";
				SWIFT_EMIT_LOC_STRINGS = NO;
				SWIFT_VERSION = 5.0;
				TEST_TARGET_NAME = "X-Manage";
			};
			name = Release;
		};
/* End XCBuildConfiguration section */

/* Begin XCConfigurationList section */
		33F5078A2EE3D49300566070 /* Build configuration list for PBXProject "X-Manage" */ = {
			isa = XCConfigurationList;
			buildConfigurations = (
				33F507B12EE3D49400566070 /* Debug */,
				33F507B22EE3D49400566070 /* Release */,
			);
			defaultConfigurationIsVisible = 0;
			defaultConfigurationName = Release;
		};
		33F507B32EE3D49400566070 /* Build configuration list for PBXNativeTarget "X-Manage" */ = {
			isa = XCConfigurationList;
			buildConfigurations = (
				33F507B42EE3D49400566070 /* Debug */,
				33F507B52EE3D49400566070 /* Release */,
			);
			defaultConfigurationIsVisible = 0;
			defaultConfigurationName = Release;
		};
		33F507B62EE3D49400566070 /* Build configuration list for PBXNativeTarget "X-ManageTests" */ = {
			isa = XCConfigurationList;
			buildConfigurations = (
				33F507B72EE3D49400566070 /* Debug */,
				33F507B82EE3D49400566070 /* Release */,
			);
			defaultConfigurationIsVisible = 0;
			defaultConfigurationName = Release;
		};
		33F507B92EE3D49400566070 /* Build configuration list for PBXNativeTarget "X-ManageUITests" */ = {
			isa = XCConfigurationList;
			buildConfigurations = (
				33F507BA2EE3D49400566070 /* Debug */,
				33F507BB2EE3D49400566070 /* Release */,
			);
			defaultConfigurationIsVisible = 0;
			defaultConfigurationName = Release;
		};
/* End XCConfigurationList section */

/* Begin XCRemoteSwiftPackageReference section */
		33F508562EE46EF300566070 /* XCRemoteSwiftPackageReference "SwiftMail" */ = {
			isa = XCRemoteSwiftPackageReference;
			repositoryURL = "https://github.com/Cocoanetics/SwiftMail.git";
			requirement = {
				branch = main;
				kind = branch;
			};
		};
/* End XCRemoteSwiftPackageReference section */

/* Begin XCSwiftPackageProductDependency section */
		33F508582EE4717900566070 /* SwiftMail */ = {
			isa = XCSwiftPackageProductDependency;
			package = 33F508562EE46EF300566070 /* XCRemoteSwiftPackageReference "SwiftMail" */;
			productName = SwiftMail;
		};
/* End XCSwiftPackageProductDependency section */
	};
	rootObject = 33F507872EE3D49300566070 /* Project object */;
}
